
Microsoft Visual Studio Solution File, Format Version 12.00
# Visual Studio Version 16
VisualStudioVersion = 16.0.29403.142
MinimumVisualStudioVersion = 10.0.40219.1
Project("{FAE04EC0-301F-11D3-BF4B-00C04F79EFBC}") = "Questionnaire", "Questionnaire\Questionnaire.csproj", "{21337750-8BAD-4ABF-8B44-B2E05D7CC64B}"
EndProject
Global
	GlobalSection(SolutionConfigurationPlatforms) = preSolution
		Debug|Any CPU = Debug|Any CPU
		Release|Any CPU = Release|Any CPU
	EndGlobalSection
	GlobalSection(ProjectConfigurationPlatforms) = postSolution
		{21337750-8BAD-4ABF-8B44-B2E05D7CC64B}.Debug|Any CPU.ActiveCfg = Debug|Any CPU
		{21337750-8BAD-4ABF-8B44-B2E05D7CC64B}.Debug|Any CPU.Build.0 = Debug|Any CPU
		{21337750-8BAD-4ABF-8B44-B2E05D7CC64B}.Release|Any CPU.ActiveCfg = Release|Any CPU
		{21337750-8BAD-4ABF-8B44-B2E05D7CC64B}.Release|Any CPU.Build.0 = Release|Any CPU
	EndGlobalSection
	GlobalSection(SolutionProperties) = preSolution
		HideSolutionNode = FALSE
	EndGlobalSection
	GlobalSection(ExtensibilityGlobals) = postSolution
		SolutionGuid = {B3224D05-7556-4A07-8693-283A23779BF0}
	EndGlobalSection
EndGlobal
